Microsoft Visual Studio Solution File, Format Version 12.00
# Visual Studio 2012
Project("{FAE04EC0-301F-11D3-BF4B-00C04F79EFBC}") = "Marred Horizon", "Marred Horizon.csproj", "{655A3CC2-3D51-4F1B-A4E6-0D5BE0EE2557}"
EndProject
Global
	GlobalSection(SolutionConfigurationPlatforms) = preSolution
	Debug|Any CPU = Debug|Any CPU
	ExportDebug|Any CPU = ExportDebug|Any CPU
	ExportRelease|Any CPU = ExportRelease|Any CPU
	EndGlobalSection
	GlobalSection(ProjectConfigurationPlatforms) = postSolution
		{655A3CC2-3D51-4F1B-A4E6-0D5BE0EE2557}.Debug|Any CPU.ActiveCfg = Debug|Any CPU
		{655A3CC2-3D51-4F1B-A4E6-0D5BE0EE2557}.Debug|Any CPU.Build.0 = Debug|Any CPU
		{655A3CC2-3D51-4F1B-A4E6-0D5BE0EE2557}.ExportDebug|Any CPU.ActiveCfg = ExportDebug|Any CPU
		{655A3CC2-3D51-4F1B-A4E6-0D5BE0EE2557}.ExportDebug|Any CPU.Build.0 = ExportDebug|Any CPU
		{655A3CC2-3D51-4F1B-A4E6-0D5BE0EE2557}.ExportRelease|Any CPU.ActiveCfg = ExportRelease|Any CPU
		{655A3CC2-3D51-4F1B-A4E6-0D5BE0EE2557}.ExportRelease|Any CPU.Build.0 = ExportRelease|Any CPU
	EndGlobalSection
EndGlobal
